PATH
  remote: ../google-cloud-core
  specs:
    google-cloud-core (1.9.0)
      google-cloud-env (>= 1.0, < 3.a)
      google-cloud-errors (~> 1.0)

PATH
  remote: ../google-cloud-error_reporting-v1beta1
  specs:
    google-cloud-error_reporting-v1beta1 (0.17.0)
      gapic-common (~> 1.3)
      google-cloud-errors (~> 1.0)

PATH
  remote: ../google-cloud-errors
  specs:
    google-cloud-errors (1.7.0)

PATH
  remote: ../stackdriver-core
  specs:
    stackdriver-core (1.8.0)
      google-cloud-core (~> 1.2)

PATH
  remote: .
  specs:
    google-cloud-error_reporting (0.45.1)
      concurrent-ruby (~> 1.1)
      google-cloud-core (~> 1.5)
      google-cloud-error_reporting-v1beta1 (~> 0.0)
      stackdriver-core (~> 1.3)

GEM
  remote: https://rubygems.org/
  specs:
    actionpack (8.1.3)
      actionview (= 8.1.3)
      activesupport (= 8.1.3)
      nokogiri (>= 1.8.5)
      rack (>= 2.2.4)
      rack-session (>= 1.0.1)
      rack-test (>= 0.6.3)
      rails-dom-testing (~> 2.2)
      rails-html-sanitizer (~> 1.6)
      useragent (~> 0.16)
    actionview (8.1.3)
      activesupport (= 8.1.3)
      builder (~> 3.1)
      erubi (~> 1.11)
      rails-dom-testing (~> 2.2)
      rails-html-sanitizer (~> 1.6)
    activesupport (8.1.3)
      base64
      bigdecimal
      concurrent-ruby (~> 1.0, >= 1.3.1)
      connection_pool (>= 2.2.5)
      drb
      i18n (>= 1.6, < 2)
      json
      logger (>= 1.4.2)
      minitest (>= 5.1)
      securerandom (>= 0.3)
      tzinfo (~> 2.0, >= 2.0.5)
      uri (>= 0.13.1)
    addressable (2.9.0)
      public_suffix (>= 2.0.2, < 8.0)
    ansi (1.6.0)
    ast (2.4.3)
    base64 (0.3.0)
    benchmark (0.5.0)
    bigdecimal (4.1.2)
    builder (3.3.0)
    concurrent-ruby (1.3.6)
    connection_pool (3.0.2)
    crass (1.0.6)
    date (3.5.1)
    docile (1.4.1)
    drb (2.2.3)
    erb (6.0.4)
    erubi (1.13.1)
    faraday (2.14.2)
      faraday-net_http (>= 2.0, < 3.5)
      json
      logger
    faraday-net_http (3.4.4)
      net-http (~> 0.5)
    faraday-retry (2.4.0)
      faraday (~> 2.0)
    gapic-common (1.3.0)
      faraday (>= 1.9, < 3.a)
      faraday-retry (>= 1.0, < 3.a)
      google-cloud-env (~> 2.2)
      google-logging-utils (~> 0.1)
      google-protobuf (~> 4.26)
      googleapis-common-protos (~> 1.6)
      googleapis-common-protos-types (~> 1.15)
      googleauth (~> 1.12)
      grpc (~> 1.66)
    google-cloud-env (2.3.1)
      base64 (~> 0.2)
      faraday (>= 1.0, < 3.a)
    google-logging-utils (0.2.0)
    google-protobuf (4.35.0)
      bigdecimal
      rake (~> 13.3)
    google-protobuf (4.35.0-aarch64-linux-gnu)
      bigdecimal
      rake (~> 13.3)
    google-protobuf (4.35.0-aarch64-linux-musl)
      bigdecimal
      rake (~> 13.3)
    google-protobuf (4.35.0-arm64-darwin)
      bigdecimal
      rake (~> 13.3)
    google-protobuf (4.35.0-x86_64-darwin)
      bigdecimal
      rake (~> 13.3)
    google-protobuf (4.35.0-x86_64-linux-gnu)
      bigdecimal
      rake (~> 13.3)
    google-protobuf (4.35.0-x86_64-linux-musl)
      bigdecimal
      rake (~> 13.3)
    google-style (1.32.0)
      rubocop (~> 1.76)
    googleapis-common-protos (1.10.0)
      google-protobuf (~> 4.26)
      googleapis-common-protos-types (~> 1.21)
      grpc (~> 1.41)
    googleapis-common-protos-types (1.23.0)
      google-protobuf (~> 4.26)
    googleauth (1.17.0)
      faraday (>= 1.0, < 3.a)
      google-cloud-env (~> 2.2)
      google-logging-utils (~> 0.1)
      jwt (>= 1.4, < 4.0)
      os (>= 0.9, < 2.0)
      pstore (~> 0.1)
      signet (>= 0.16, < 2.a)
    grpc (1.81.1)
      google-protobuf (>= 3.25, < 5.0)
      googleapis-common-protos-types (~> 1.0)
    grpc (1.81.1-aarch64-linux-gnu)
      google-protobuf (>= 3.25, < 5.0)
      googleapis-common-protos-types (~> 1.0)
    grpc (1.81.1-aarch64-linux-musl)
      google-protobuf (>= 3.25, < 5.0)
      googleapis-common-protos-types (~> 1.0)
    grpc (1.81.1-arm64-darwin)
      google-protobuf (>= 3.25, < 5.0)
      googleapis-common-protos-types (~> 1.0)
    grpc (1.81.1-x86_64-darwin)
      google-protobuf (>= 3.25, < 5.0)
      googleapis-common-protos-types (~> 1.0)
    grpc (1.81.1-x86_64-linux-gnu)
      google-protobuf (>= 3.25, < 5.0)
      googleapis-common-protos-types (~> 1.0)
    grpc (1.81.1-x86_64-linux-musl)
      google-protobuf (>= 3.25, < 5.0)
      googleapis-common-protos-types (~> 1.0)
    i18n (1.14.8)
      concurrent-ruby (~> 1.0)
    io-console (0.8.2)
    irb (1.18.0)
      pp (>= 0.6.0)
      prism (>= 1.3.0)
      rdoc (>= 4.0.0)
      reline (>= 0.4.2)
    json (2.19.8)
    jwt (3.2.0)
      base64
    language_server-protocol (3.17.0.5)
    lint_roller (1.1.0)
    logger (1.7.0)
    loofah (2.25.1)
      crass (~> 1.0.2)
      nokogiri (>= 1.12.0)
    minitest (5.27.0)
    minitest-autotest (1.2.0)
      minitest-server (~> 1.0)
      path_expander (~> 2.0)
    minitest-focus (1.4.1)
      minitest (> 5.0)
    minitest-reporters (1.5.0)
      ansi
      builder
      minitest (>= 5.0)
      ruby-progressbar
    minitest-rg (5.4.0)
      minitest (>= 5.0, < 7)
    minitest-server (1.0.10)
      drb (~> 2.0)
      minitest (~> 5.16)
    net-http (0.9.1)
      uri (>= 0.11.1)
    nokogiri (1.19.3-aarch64-linux-gnu)
      racc (~> 1.4)
    nokogiri (1.19.3-aarch64-linux-musl)
      racc (~> 1.4)
    nokogiri (1.19.3-arm-linux-gnu)
      racc (~> 1.4)
    nokogiri (1.19.3-arm-linux-musl)
      racc (~> 1.4)
    nokogiri (1.19.3-arm64-darwin)
      racc (~> 1.4)
    nokogiri (1.19.3-x86_64-darwin)
      racc (~> 1.4)
    nokogiri (1.19.3-x86_64-linux-gnu)
      racc (~> 1.4)
    nokogiri (1.19.3-x86_64-linux-musl)
      racc (~> 1.4)
    os (1.1.4)
    ostruct (0.6.3)
    parallel (2.1.0)
    parser (3.3.11.1)
      ast (~> 2.4.1)
      racc
    path_expander (2.0.1)
    pp (0.6.3)
      prettyprint
    prettyprint (0.2.0)
    prism (1.9.0)
    pstore (0.2.1)
    psych (5.4.0)
      date
      stringio
    public_suffix (7.0.5)
    racc (1.8.1)
    rack (3.2.6)
    rack-session (2.1.2)
      base64 (>= 0.1.0)
      rack (>= 3.0.0)
    rack-test (2.2.0)
      rack (>= 1.3)
    rackup (2.3.1)
      rack (>= 3)
    rails-dom-testing (2.3.0)
      activesupport (>= 5.0.0)
      minitest
      nokogiri (>= 1.6)
    rails-html-sanitizer (1.7.0)
      loofah (~> 2.25)
      nokogiri (>= 1.15.7, != 1.16.7, != 1.16.6, != 1.16.5, != 1.16.4, != 1.16.3, != 1.16.2, != 1.16.1, != 1.16.0.rc1, != 1.16.0)
    railties (8.1.3)
      actionpack (= 8.1.3)
      activesupport (= 8.1.3)
      irb (~> 1.13)
      rackup (>= 1.0.0)
      rake (>= 12.2)
      thor (~> 1.0, >= 1.2.2)
      tsort (>= 0.2)
      zeitwerk (~> 2.6)
    rainbow (3.1.1)
    rake (13.4.2)
    rdoc (7.2.0)
      erb
      psych (>= 4.0.0)
      tsort
    redcarpet (3.6.1)
    regexp_parser (2.12.0)
    reline (0.6.3)
      io-console (~> 0.5)
    rubocop (1.87.0)
      json (~> 2.3)
      language_server-protocol (~> 3.17.0.2)
      lint_roller (~> 1.1.0)
      parallel (>= 1.10)
      parser (>= 3.3.0.2)
      rainbow (>= 2.2.2, < 4.0)
      regexp_parser (>= 2.9.3, < 3.0)
      rubocop-ast (>= 1.49.0, < 2.0)
      ruby-progressbar (~> 1.7)
      unicode-display_width (>= 2.4.0, < 4.0)
    rubocop-ast (1.49.1)
      parser (>= 3.3.7.2)
      prism (~> 1.7)
    ruby-progressbar (1.13.0)
    securerandom (0.4.1)
    signet (0.22.0)
      addressable (~> 2.8)
      faraday (>= 0.17.5, < 3.a)
      jwt (>= 1.5, < 4.0)
    simplecov (0.22.0)
      docile (~> 1.1)
      simplecov-html (~> 0.11)
      simplecov_json_formatter (~> 0.1)
    simplecov-html (0.13.2)
    simplecov_json_formatter (0.1.4)
    stringio (3.2.0)
    thor (1.5.0)
    tsort (0.2.0)
    tzinfo (2.0.6)
      concurrent-ruby (~> 1.0)
    unicode-display_width (3.2.0)
      unicode-emoji (~> 4.1)
    unicode-emoji (4.2.0)
    uri (1.1.1)
    useragent (0.16.11)
    yard (0.9.44)
    yard-doctest (0.1.17)
      minitest
      yard
    zeitwerk (2.8.2)

PLATFORMS
  aarch64-linux-gnu
  aarch64-linux-musl
  arm-linux-gnu
  arm-linux-musl
  arm64-darwin
  x86_64-darwin
  x86_64-linux-gnu
  x86_64-linux-musl

DEPENDENCIES
  benchmark (~> 0.5.0)
  google-cloud-core!
  google-cloud-error_reporting!
  google-cloud-error_reporting-v1beta1!
  google-cloud-errors!
  google-style (~> 1.32.0)
  minitest (~> 5.14)
  minitest-autotest (~> 1.0)
  minitest-focus (~> 1.1)
  minitest-reporters (~> 1.5.0)
  minitest-rg (~> 5.2)
  ostruct (~> 0.6.3)
  rack (>= 0.1)
  railties (>= 5.0, < 8.1.4)
  rake
  redcarpet (~> 3.0)
  simplecov (~> 0.9)
  stackdriver-core!
  yard (~> 0.9)
  yard-doctest (~> 0.1.13)

CHECKSUMS
  actionpack (8.1.3) sha256=af998cae4d47c5d581a2cc363b5c77eb718b7c4b45748d81b1887b25621c29a3
  actionview (8.1.3) sha256=1347c88c7f3edb38100c5ce0e9fb5e62d7755f3edc1b61cce2eb0b2c6ea2fd5d
  activesupport (8.1.3) sha256=21a5e0dfbd4c3ddd9e1317ec6a4d782fa226e7867dc70b0743acda81a1dca20e
  addressable (2.9.0) sha256=7fdf6ac3660f7f4e867a0838be3f6cf722ace541dd97767fa42bc6cfa980c7af
  ansi (1.6.0) sha256=ac9ea0c0ea8d32fb4e271348e609963ac78882f34b73836c2a02b3622e666658
  ast (2.4.3) sha256=954615157c1d6a382bc27d690d973195e79db7f55e9765ac7c481c60bdb4d383
  base64 (0.3.0) sha256=27337aeabad6ffae05c265c450490628ef3ebd4b67be58257393227588f5a97b
  benchmark (0.5.0) sha256=465df122341aedcb81a2a24b4d3bd19b6c67c1530713fd533f3ff034e419236c
  bigdecimal (4.1.2) sha256=53d217666027eab4280346fba98e7d5b66baaae1b9c3c1c0ffe89d48188a3fbd
  builder (3.3.0) sha256=497918d2f9dca528fdca4b88d84e4ef4387256d984b8154e9d5d3fe5a9c8835f
  bundler (4.0.13) sha256=19f08be7f27022cf0b89f27da0b044ae075e8270a9ef44ad248a932614e1ca3b
  concurrent-ruby (1.3.6) sha256=6b56837e1e7e5292f9864f34b69c5a2cbc75c0cf5338f1ce9903d10fa762d5ab
  connection_pool (3.0.2) sha256=33fff5ba71a12d2aa26cb72b1db8bba2a1a01823559fb01d29eb74c286e62e0a
  crass (1.0.6) sha256=dc516022a56e7b3b156099abc81b6d2b08ea1ed12676ac7a5657617f012bd45d
  date (3.5.1) sha256=750d06384d7b9c15d562c76291407d89e368dda4d4fff957eb94962d325a0dc0
  docile (1.4.1) sha256=96159be799bfa73cdb721b840e9802126e4e03dfc26863db73647204c727f21e
  drb (2.2.3) sha256=0b00d6fdb50995fe4a45dea13663493c841112e4068656854646f418fda13373
  erb (6.0.4) sha256=38e3803694be357fe2bfe312487c74beaf9fb4e5beb3e22498952fe1645b95d9
  erubi (1.13.1) sha256=a082103b0885dbc5ecf1172fede897f9ebdb745a4b97a5e8dc63953db1ee4ad9
  faraday (2.14.2) sha256=73ccb9994a9e8648f010e32eca2ae82e41c57860aa10932cda29418b9e0223ad
  faraday-net_http (3.4.4) sha256=0e78af151747ed1b00f33e25973b4bc220d7f16c00c39676817c8b12331eb588
  faraday-retry (2.4.0) sha256=7b79c48fb7e56526faf247b12d94a680071ff40c9fda7cf1ec1549439ad11ebe
  gapic-common (1.3.0) sha256=4e5d9be1effb7366e2cda13c0f44922285d5613ac8de8b9b18c2c835fe4faa91
  google-cloud-core (1.9.0)
  google-cloud-env (2.3.1) sha256=0faac01eb27be78c2591d64433663b1a114f8f7af55a4f819755426cac9178e7
  google-cloud-error_reporting (0.45.1)
  google-cloud-error_reporting-v1beta1 (0.17.0)
  google-cloud-errors (1.7.0)
  google-logging-utils (0.2.0) sha256=675462b4ea5affa825a3442694ca2d75d0069455a1d0956127207498fca3df7b
  google-protobuf (4.35.0) sha256=95346162c792ed78c9a28cbf2d937a53f706de6df36a27471582f63f03c30c0d
  google-protobuf (4.35.0-aarch64-linux-gnu) sha256=2cabd61b420918aec1564f9f7414e455bf922d20c5f8139d62783df5558a7aea
  google-protobuf (4.35.0-aarch64-linux-musl) sha256=f6b11f3420a4564f68e8233c95eac6924f6a727dfc2f81a56af2e09add551501
  google-protobuf (4.35.0-arm64-darwin) sha256=66ab26d3fc82b8950702e53ab16c198e3c0ea3f2a38aaaf1f32152da45593ac5
  google-protobuf (4.35.0-x86_64-darwin) sha256=05eb5c8bc9899135befff496fc0a3642e7ff3d0943f043841dcc456f5654fea0
  google-protobuf (4.35.0-x86_64-linux-gnu) sha256=999226f3b00cd9fddb1b26851d16060212fa1d90c406aaad47e574682b716059
  google-protobuf (4.35.0-x86_64-linux-musl) sha256=be0218520d77b2aee898b363514b03819f6f63f9c041ae0d0d79b4ce5247bffd
  google-style (1.32.0) sha256=3b13068979e5b8caa067ecce9bf818b6cf0e5eb706ead41c5b905f237d9bfb01
  googleapis-common-protos (1.10.0) sha256=13e47ad0ce85d3d30065c03863efd302a82b0e08ba576f2a9b9dbbfeecb57ee0
  googleapis-common-protos-types (1.23.0) sha256=992e740a523794d9fc5f29a504465d8fc737aaa16c930fe7228e3346860faf0a
  googleauth (1.17.0) sha256=dbddcaa3b78469fa9392c0e784ab6d8f3f760a1e5f6c6dbbbaa44a612c4198b0
  grpc (1.81.1) sha256=9e5772153fe13a389654e9d397a90400f0077307fb4369f79f941d96c72e89cb
  grpc (1.81.1-aarch64-linux-gnu) sha256=aa24d7253a2b15d2c3570265a2f58bb8aca0ecd2e1116b7a259d633ebf582445
  grpc (1.81.1-aarch64-linux-musl) sha256=36af13b712e33b323878096ddcab7ec75d107d2e03ffce4aa2fcb70835747c8c
  grpc (1.81.1-arm64-darwin) sha256=6def610da088597e1a94bafbb36a92f19c456cb7df7bbe9618aeb63e8805ae9a
  grpc (1.81.1-x86_64-darwin) sha256=f8c44cdfc26270247f2beb49ecbc983d0c184b6c24ac4670d1d24f0efba811ed
  grpc (1.81.1-x86_64-linux-gnu) sha256=cf1053a594d026d2ec560457111258cd207bc67847aab24f96e04e2fbeddc4dd
  grpc (1.81.1-x86_64-linux-musl) sha256=c4e2d53566dedfb7e76b2226c18f92f6378b29fefb80879b2dabe17480faa555
  i18n (1.14.8) sha256=285778639134865c5e0f6269e0b818256017e8cde89993fdfcbfb64d088824a5
  io-console (0.8.2) sha256=d6e3ae7a7cc7574f4b8893b4fca2162e57a825b223a177b7afa236c5ef9814cc
  irb (1.18.0) sha256=de9454a0703a54704b9811a5ef31a60c86949fbf4013fcf244fabc7c775248e3
  json (2.19.8) sha256=6354310fd76ef69b87d5bd1f38b40d730613baf90b6803d2d0a48f618d32dfaa
  jwt (3.2.0) sha256=5419b1fe37b1da0982bd07051f573a8b8789ab724c2aa7e785e4784a3ed217d7
  language_server-protocol (3.17.0.5) sha256=fd1e39a51a28bf3eec959379985a72e296e9f9acfce46f6a79d31ca8760803cc
  lint_roller (1.1.0) sha256=2c0c845b632a7d172cb849cc90c1bce937a28c5c8ccccb50dfd46a485003cc87
  logger (1.7.0) sha256=196edec7cc44b66cfb40f9755ce11b392f21f7967696af15d274dde7edff0203
  loofah (2.25.1) sha256=d436c73dbd0c1147b16c4a41db097942d217303e1f7728704b37e4df9f6d2e04
  minitest (5.27.0) sha256=2d3b17f8a36fe7801c1adcffdbc38233b938eb0b4966e97a6739055a45fa77d5
  minitest-autotest (1.2.0) sha256=60d031cba705215450662b0060f03f96507682b346a19c27f6756751ad92d2b4
  minitest-focus (1.4.1) sha256=394517cbe2dcb2d992d8ffc41a3b2b6315777a4daa69239de4fefe7110dd810e
  minitest-reporters (1.5.0) sha256=a693acddc67987cde96d33ad6766b8d3e8522bb4c8a20628352950c30d42f0a3
  minitest-rg (5.4.0) sha256=54d42bb8ce876381245be5866f3c1dd704ef79c06ba5c9ff280c0aa28c56effb
  minitest-server (1.0.10) sha256=275439bf3ffc433fcbe161733248f1d9749ebf122892cf010bf864aaa95cef75
  net-http (0.9.1) sha256=25ba0b67c63e89df626ed8fac771d0ad24ad151a858af2cc8e6a716ca4336996
  nokogiri (1.19.3-aarch64-linux-gnu) sha256=46b89e5d7b9e844c2ee360794240c6ea2a4e6fa0c5892a4ed487db621224b639
  nokogiri (1.19.3-aarch64-linux-musl) sha256=8392dfdcd21be7a94dbbe9ccc138dea01b97b24cb2dc02a114ca98bfb1d9a0b7
  nokogiri (1.19.3-arm-linux-gnu) sha256=3919d5ffc334ad778a4a9eb88fda7dcb8b1fb58c8a52ac640c6dcd2f038e774f
  nokogiri (1.19.3-arm-linux-musl) sha256=9ce1cb6346bb9c67b1550eb537aa183ead91e4b6eadb2f36ade02d8dd2a79fb6
  nokogiri (1.19.3-arm64-darwin) sha256=71b9bd424b1b7abc18b05052a1a3cfd3627abdca62be280854cc411791357e42
  nokogiri (1.19.3-x86_64-darwin) sha256=77f3fba57d46c53ab31e62fc6c28f705109d1bf6264356c76f132b2be5728d4d
  nokogiri (1.19.3-x86_64-linux-gnu) sha256=2f5078620fe12e83669b5b17311b32532a8153d02eee7ad06948b926d6080976
  nokogiri (1.19.3-x86_64-linux-musl) sha256=248c906d2166eca5efb56d52fdee5f9a1f51d69a72e2b64fdac647b4ce39ea3f
  os (1.1.4) sha256=57816d6a334e7bd6aed048f4b0308226c5fb027433b67d90a9ab435f35108d3f
  ostruct (0.6.3) sha256=95a2ed4a4bd1d190784e666b47b2d3f078e4a9efda2fccf18f84ddc6538ed912
  parallel (2.1.0) sha256=b35258865c2e31134c5ecb708beaaf6772adf9d5efae28e93e99260877b09356
  parser (3.3.11.1) sha256=d17ace7aabe3e72c3cc94043714be27cc6f852f104d81aa284c2281aecc65d54
  path_expander (2.0.1) sha256=2de201164bff4719cc4d0b3767286e9977cc832a59c4d70abab571ec86cb41e4
  pp (0.6.3) sha256=2951d514450b93ccfeb1df7d021cae0da16e0a7f95ee1e2273719669d0ab9df6
  prettyprint (0.2.0) sha256=2bc9e15581a94742064a3cc8b0fb9d45aae3d03a1baa6ef80922627a0766f193
  prism (1.9.0) sha256=7b530c6a9f92c24300014919c9dcbc055bf4cdf51ec30aed099b06cd6674ef85
  pstore (0.2.1) sha256=03904d0f2c66579e96d1e6704cdabc0c88df7ea8ed8782d9f3569f6f6c702c1a
  psych (5.4.0) sha256=14f72d69a611af663d7d70e4a7b67d9eb1f3ae9f8d916b478961d5a0075ba5b7
  public_suffix (7.0.5) sha256=1a8bb08f1bbea19228d3bed6e5ed908d1cb4f7c2726d18bd9cadf60bc676f623
  racc (1.8.1) sha256=4a7f6929691dbec8b5209a0b373bc2614882b55fc5d2e447a21aaa691303d62f
  rack (3.2.6) sha256=5ed78e1f73b2e25679bec7d45ee2d4483cc4146eb1be0264fc4d94cb5ef212c2
  rack-session (2.1.2) sha256=595434f8c0c3473ae7d7ac56ecda6cc6dfd9d37c0b2b5255330aa1576967ffe8
  rack-test (2.2.0) sha256=005a36692c306ac0b4a9350355ee080fd09ddef1148a5f8b2ac636c720f5c463
  rackup (2.3.1) sha256=6c79c26753778e90983761d677a48937ee3192b3ffef6bc963c0950f94688868
  rails-dom-testing (2.3.0) sha256=8acc7953a7b911ca44588bf08737bc16719f431a1cc3091a292bca7317925c1d
  rails-html-sanitizer (1.7.0) sha256=28b145cceaf9cc214a9874feaa183c3acba036c9592b19886e0e45efc62b1e89
  railties (8.1.3) sha256=913eb0e0cb520aac687ffd74916bd726d48fa21f47833c6292576ef6a286de22
  rainbow (3.1.1) sha256=039491aa3a89f42efa1d6dec2fc4e62ede96eb6acd95e52f1ad581182b79bc6a
  rake (13.4.2) sha256=cb825b2bd5f1f8e91ca37bddb4b9aaf345551b4731da62949be002fa89283701
  rdoc (7.2.0) sha256=8650f76cd4009c3b54955eb5d7e3a075c60a57276766ebf36f9085e8c9f23192
  redcarpet (3.6.1) sha256=d444910e6aa55480c6bcdc0cdb057626e8a32c054c29e793fa642ba2f155f445
  regexp_parser (2.12.0) sha256=35a916a1d63190ab5c9009457136ae5f3c0c7512d60291d0d1378ba18ce08ebb
  reline (0.6.3) sha256=1198b04973565b36ec0f11542ab3f5cfeeec34823f4e54cebde90968092b1835
  rubocop (1.87.0) sha256=b9d9ddf55116a513f8ef2c7ae660662d8b49301f118d3f0df61865b33a5c188d
  rubocop-ast (1.49.1) sha256=4412f3ee70f6fe4546cc489548e0f6fcf76cafcfa80fa03af67098ffed755035
  ruby-progressbar (1.13.0) sha256=80fc9c47a9b640d6834e0dc7b3c94c9df37f08cb072b7761e4a71e22cff29b33
  securerandom (0.4.1) sha256=cc5193d414a4341b6e225f0cb4446aceca8e50d5e1888743fac16987638ea0b1
  signet (0.22.0) sha256=b76d495ccb07ad35dbc89f3e920665a9d8ed717141955034005d7843dcfe4780
  simplecov (0.22.0) sha256=fe2622c7834ff23b98066bb0a854284b2729a569ac659f82621fc22ef36213a5
  simplecov-html (0.13.2) sha256=bd0b8e54e7c2d7685927e8d6286466359b6f16b18cb0df47b508e8d73c777246
  simplecov_json_formatter (0.1.4) sha256=529418fbe8de1713ac2b2d612aa3daa56d316975d307244399fa4838c601b428
  stackdriver-core (1.8.0)
  stringio (3.2.0) sha256=c37cb2e58b4ffbd33fe5cd948c05934af997b36e0b6ca6fdf43afa234cf222e1
  thor (1.5.0) sha256=e3a9e55fe857e44859ce104a84675ab6e8cd59c650a49106a05f55f136425e73
  tsort (0.2.0) sha256=9650a793f6859a43b6641671278f79cfead60ac714148aabe4e3f0060480089f
  tzinfo (2.0.6) sha256=8daf828cc77bcf7d63b0e3bdb6caa47e2272dcfaf4fbfe46f8c3a9df087a829b
  unicode-display_width (3.2.0) sha256=0cdd96b5681a5949cdbc2c55e7b420facae74c4aaf9a9815eee1087cb1853c42
  unicode-emoji (4.2.0) sha256=519e69150f75652e40bf736106cfbc8f0f73aa3fb6a65afe62fefa7f80b0f80f
  uri (1.1.1) sha256=379fa58d27ffb1387eaada68c749d1426738bd0f654d812fcc07e7568f5c57c6
  useragent (0.16.11) sha256=700e6413ad4bb954bb63547fa098dddf7b0ebe75b40cc6f93b8d54255b173844
  yard (0.9.44) sha256=eb087e9b631ccd887b049f303d489963945452d5e2a7eb49a5a74a7cf6887f28
  yard-doctest (0.1.17) sha256=7cb35a75d99f58fc42ee72d3542a36e227237b621a40aebc391c95988b72847f
  zeitwerk (2.8.2) sha256=7212a61311083c604184b1ea2574b9aa05cd14f855a0841c06985cabe9181d12

BUNDLED WITH
  4.0.13
