PATH
  remote: ../google-cloud-core
  specs:
    google-cloud-core (1.9.0)
      google-cloud-env (>= 1.0, < 3.a)
      google-cloud-errors (~> 1.0)

PATH
  remote: ../google-cloud-errors
  specs:
    google-cloud-errors (1.7.0)

PATH
  remote: ../google-cloud-pubsub-v1
  specs:
    google-cloud-pubsub-v1 (1.16.0)
      gapic-common (~> 1.3)
      google-cloud-errors (~> 1.0)
      google-iam-v1 (~> 1.3)

PATH
  remote: .
  specs:
    google-cloud-pubsub (3.3.0)
      concurrent-ruby (~> 1.3)
      google-cloud-core (~> 1.8)
      google-cloud-pubsub-v1 (~> 1.11)
      retriable (~> 3.1)

GEM
  remote: https://rubygems.org/
  specs:
    addressable (2.9.0)
      public_suffix (>= 2.0.2, < 8.0)
    ansi (1.6.0)
    ast (2.4.3)
    autotest-suffix (1.1.0)
    avro (1.12.1)
      multi_json (~> 1.0)
    base64 (0.3.0)
    bigdecimal (4.1.2)
    builder (3.3.0)
    coderay (1.1.3)
    concurrent-ruby (1.3.7)
    docile (1.4.1)
    drb (2.2.3)
    faraday (2.14.3)
      faraday-net_http (>= 2.0, < 3.5)
      json
      logger
    faraday-net_http (3.4.4)
      net-http (~> 0.5)
    faraday-retry (2.4.0)
      faraday (~> 2.0)
    gapic-common (1.3.0)
      faraday (>= 1.9, < 3.a)
      faraday-retry (>= 1.0, < 3.a)
      google-cloud-env (~> 2.2)
      google-logging-utils (~> 0.1)
      google-protobuf (~> 4.26)
      googleapis-common-protos (~> 1.6)
      googleapis-common-protos-types (~> 1.15)
      googleauth (~> 1.12)
      grpc (~> 1.66)
    google-cloud-env (2.3.1)
      base64 (~> 0.2)
      faraday (>= 1.0, < 3.a)
    google-iam-v1 (1.7.0)
      gapic-common (~> 1.3)
      google-cloud-errors (~> 1.0)
      grpc-google-iam-v1 (~> 1.11)
    google-logging-utils (0.2.0)
    google-protobuf (4.36.0.rc.1)
      bigdecimal
      rake (~> 13.3)
    google-protobuf (4.36.0.rc.1-aarch64-linux-gnu)
      bigdecimal
      rake (~> 13.3)
    google-protobuf (4.36.0.rc.1-aarch64-linux-musl)
      bigdecimal
      rake (~> 13.3)
    google-protobuf (4.36.0.rc.1-arm64-darwin)
      bigdecimal
      rake (~> 13.3)
    google-protobuf (4.36.0.rc.1-x86-linux-gnu)
      bigdecimal
      rake (~> 13.3)
    google-protobuf (4.36.0.rc.1-x86-linux-musl)
      bigdecimal
      rake (~> 13.3)
    google-protobuf (4.36.0.rc.1-x86_64-darwin)
      bigdecimal
      rake (~> 13.3)
    google-protobuf (4.36.0.rc.1-x86_64-linux-gnu)
      bigdecimal
      rake (~> 13.3)
    google-protobuf (4.36.0.rc.1-x86_64-linux-musl)
      bigdecimal
      rake (~> 13.3)
    google-style (1.31.1)
      rubocop (~> 1.76)
    googleapis-common-protos (1.9.0)
      google-protobuf (~> 4.26)
      googleapis-common-protos-types (~> 1.21)
      grpc (~> 1.41)
    googleapis-common-protos-types (1.23.0)
      google-protobuf (~> 4.26)
    googleauth (1.17.1)
      faraday (>= 1.0, < 3.a)
      google-cloud-env (~> 2.2)
      google-logging-utils (~> 0.1)
      jwt (>= 1.4, < 4.0)
      os (>= 0.9, < 2.0)
      pstore (~> 0.1)
      signet (>= 0.16, < 2.a)
    grpc (1.81.1)
      google-protobuf (>= 3.25, < 5.0)
      googleapis-common-protos-types (~> 1.0)
    grpc (1.81.1-aarch64-linux-gnu)
      google-protobuf (>= 3.25, < 5.0)
      googleapis-common-protos-types (~> 1.0)
    grpc (1.81.1-aarch64-linux-musl)
      google-protobuf (>= 3.25, < 5.0)
      googleapis-common-protos-types (~> 1.0)
    grpc (1.81.1-arm64-darwin)
      google-protobuf (>= 3.25, < 5.0)
      googleapis-common-protos-types (~> 1.0)
    grpc (1.81.1-x86-linux-gnu)
      google-protobuf (>= 3.25, < 5.0)
      googleapis-common-protos-types (~> 1.0)
    grpc (1.81.1-x86-linux-musl)
      google-protobuf (>= 3.25, < 5.0)
      googleapis-common-protos-types (~> 1.0)
    grpc (1.81.1-x86_64-darwin)
      google-protobuf (>= 3.25, < 5.0)
      googleapis-common-protos-types (~> 1.0)
    grpc (1.81.1-x86_64-linux-gnu)
      google-protobuf (>= 3.25, < 5.0)
      googleapis-common-protos-types (~> 1.0)
    grpc (1.81.1-x86_64-linux-musl)
      google-protobuf (>= 3.25, < 5.0)
      googleapis-common-protos-types (~> 1.0)
    grpc-google-iam-v1 (1.12.0)
      google-protobuf (>= 3.18, < 5.a)
      googleapis-common-protos (~> 1.9.0)
      grpc (~> 1.41)
    json (2.20.0)
    jwt (3.2.0)
      base64
    language_server-protocol (3.17.0.5)
    lint_roller (1.1.0)
    logger (1.7.0)
    method_source (1.1.0)
    minitest (5.27.0)
    minitest-autotest (1.2.0)
      minitest-server (~> 1.0)
      path_expander (~> 2.0)
    minitest-focus (1.4.1)
      minitest (> 5.0)
    minitest-reporters (1.7.1)
      ansi
      builder
      minitest (>= 5.0)
      ruby-progressbar
    minitest-rg (5.4.0)
      minitest (>= 5.0, < 7)
    minitest-server (1.0.10)
      drb (~> 2.0)
      minitest (~> 5.16)
    multi_json (1.21.1)
    net-http (0.9.1)
      uri (>= 0.11.1)
    os (1.1.4)
    ostruct (0.6.3)
    parallel (2.1.0)
    parser (3.3.11.1)
      ast (~> 2.4.1)
      racc
    path_expander (2.0.1)
    prism (1.9.0)
    pry (0.15.2)
      coderay (~> 1.1)
      method_source (~> 1.0)
    pstore (0.2.1)
    public_suffix (7.0.5)
    racc (1.8.1)
    rainbow (3.1.1)
    rake (13.4.2)
    redcarpet (3.6.1)
    regexp_parser (2.12.0)
    retriable (3.1.2)
    rubocop (1.88.0)
      json (~> 2.3)
      language_server-protocol (~> 3.17.0.2)
      lint_roller (~> 1.1.0)
      parallel (>= 1.10)
      parser (>= 3.3.0.2)
      rainbow (>= 2.2.2, < 4.0)
      regexp_parser (>= 2.9.3, < 3.0)
      rubocop-ast (>= 1.49.0, < 2.0)
      ruby-progressbar (~> 1.7)
      unicode-display_width (>= 2.4.0, < 4.0)
    rubocop-ast (1.49.1)
      parser (>= 3.3.7.2)
      prism (~> 1.7)
    ruby-progressbar (1.13.0)
    signet (0.22.0)
      addressable (~> 2.8)
      faraday (>= 0.17.5, < 3.a)
      jwt (>= 1.5, < 4.0)
    simplecov (0.22.0)
      docile (~> 1.1)
      simplecov-html (~> 0.11)
      simplecov_json_formatter (~> 0.1)
    simplecov-html (0.13.2)
    simplecov_json_formatter (0.1.4)
    unicode-display_width (3.2.0)
      unicode-emoji (~> 4.1)
    unicode-emoji (4.2.0)
    uri (1.1.1)
    yard (0.9.44)
    yard-doctest (0.1.17)
      minitest
      yard

PLATFORMS
  aarch64-linux-gnu
  aarch64-linux-musl
  arm64-darwin
  ruby
  x86-linux-gnu
  x86-linux-musl
  x86_64-darwin
  x86_64-linux-gnu
  x86_64-linux-musl

DEPENDENCIES
  autotest-suffix (~> 1.1)
  avro (~> 1.12)
  bigdecimal (>= 3.2, < 5)
  google-cloud-core!
  google-cloud-errors!
  google-cloud-pubsub!
  google-cloud-pubsub-v1!
  google-protobuf (= 4.36.0.rc.1)
  google-style (~> 1.31.1)
  minitest (~> 5.25)
  minitest-autotest (~> 1.1)
  minitest-focus (~> 1.4)
  minitest-reporters (~> 1.7.0)
  minitest-rg (~> 5.3)
  ostruct (~> 0.6.3)
  pry (~> 0.15.2)
  rake
  redcarpet (~> 3.6.1)
  retriable (~> 3.1.2)
  simplecov (~> 0.22)
  yard (~> 0.9.37)
  yard-doctest (~> 0.1.17)

CHECKSUMS
  addressable (2.9.0) sha256=7fdf6ac3660f7f4e867a0838be3f6cf722ace541dd97767fa42bc6cfa980c7af
  ansi (1.6.0) sha256=ac9ea0c0ea8d32fb4e271348e609963ac78882f34b73836c2a02b3622e666658
  ast (2.4.3) sha256=954615157c1d6a382bc27d690d973195e79db7f55e9765ac7c481c60bdb4d383
  autotest-suffix (1.1.0) sha256=9bb29331b7b66a9659b01ef10839bd61fc1a6e95477c8ea710bd01e10c380977
  avro (1.12.1) sha256=e2a32e605e935f9196d590bb193d1fa13b83d169303b811ecb614e67ad59ac43
  base64 (0.3.0) sha256=27337aeabad6ffae05c265c450490628ef3ebd4b67be58257393227588f5a97b
  bigdecimal (4.1.2) sha256=53d217666027eab4280346fba98e7d5b66baaae1b9c3c1c0ffe89d48188a3fbd
  builder (3.3.0) sha256=497918d2f9dca528fdca4b88d84e4ef4387256d984b8154e9d5d3fe5a9c8835f
  bundler (4.0.13) sha256=19f08be7f27022cf0b89f27da0b044ae075e8270a9ef44ad248a932614e1ca3b
  coderay (1.1.3) sha256=dc530018a4684512f8f38143cd2a096c9f02a1fc2459edcfe534787a7fc77d4b
  concurrent-ruby (1.3.7) sha256=4412caec3a5ea2e5fdc52076724c071a81f2c0593d83b2ac8cbb8ca63b3151b0
  docile (1.4.1) sha256=96159be799bfa73cdb721b840e9802126e4e03dfc26863db73647204c727f21e
  drb (2.2.3) sha256=0b00d6fdb50995fe4a45dea13663493c841112e4068656854646f418fda13373
  faraday (2.14.3) sha256=1882247e6766615c8220b4392bf1d27f6ebb63d8e28267587cef1fb0bf37f278
  faraday-net_http (3.4.4) sha256=0e78af151747ed1b00f33e25973b4bc220d7f16c00c39676817c8b12331eb588
  faraday-retry (2.4.0) sha256=7b79c48fb7e56526faf247b12d94a680071ff40c9fda7cf1ec1549439ad11ebe
  gapic-common (1.3.0) sha256=4e5d9be1effb7366e2cda13c0f44922285d5613ac8de8b9b18c2c835fe4faa91
  google-cloud-core (1.9.0)
  google-cloud-env (2.3.1) sha256=0faac01eb27be78c2591d64433663b1a114f8f7af55a4f819755426cac9178e7
  google-cloud-errors (1.7.0)
  google-cloud-pubsub (3.3.0)
  google-cloud-pubsub-v1 (1.16.0)
  google-iam-v1 (1.7.0) sha256=9e3ea9dcc59cbd5f8d2f62b00da41ec57a2e427b33c0e798207fa06c8fbb8b87
  google-logging-utils (0.2.0) sha256=675462b4ea5affa825a3442694ca2d75d0069455a1d0956127207498fca3df7b
  google-protobuf (4.36.0.rc.1) sha256=5d0dd7513544e7f593d5ce749fea265ec39a8f26d7809db77a6e6e88c87974d8
  google-protobuf (4.36.0.rc.1-aarch64-linux-gnu) sha256=a0be9190b6aacb17806b781eb1d9fb6c8d7826872f6546faa105cc933677b3dd
  google-protobuf (4.36.0.rc.1-aarch64-linux-musl) sha256=e0ea920d58894de33c8ad18a916225436caf071d173bad46fb4295a60c7f151d
  google-protobuf (4.36.0.rc.1-arm64-darwin) sha256=c8e709a09bc9af9835e95b2fe6ae662a6016bf0808cbfa4f78899ce06de3e8b4
  google-protobuf (4.36.0.rc.1-x86-linux-gnu) sha256=22637c3c6094d0316976c6a67515bc0aee59c98cd2bda277fe2c906a3e38bf37
  google-protobuf (4.36.0.rc.1-x86-linux-musl) sha256=e8db35b697642890b0016c8ec4b7cd76a2f218cebd87b80c5cec66ff8ed042a1
  google-protobuf (4.36.0.rc.1-x86_64-darwin) sha256=8518b6c21ff49c4bfe13c612c8bd52aa80e392537812f5e0fa901d5a2290d9a8
  google-protobuf (4.36.0.rc.1-x86_64-linux-gnu) sha256=e0f2e73ea8183deb7df4330cfbfaa50ebb9c9fabf9e46b3e77e6108984ec6766
  google-protobuf (4.36.0.rc.1-x86_64-linux-musl) sha256=04a7aeb55ffdad5cae493c0e8113b0e0b91205c0d4eaa55991aa66c3041256a8
  google-style (1.31.1) sha256=62680dc303d3fecd9de124cdb4da42dc4c4b2445118baefb5d77aa6411b6b6ff
  googleapis-common-protos (1.9.0) sha256=207be372d8d25e3876e1e1155d057e14f3c92f8f5428772864a8ce04a0b756e4
  googleapis-common-protos-types (1.23.0) sha256=992e740a523794d9fc5f29a504465d8fc737aaa16c930fe7228e3346860faf0a
  googleauth (1.17.1) sha256=0f7e6fc70e204cee1b2d71f1e1de2d3b349d432404197fe68ebf7fa23d0821b9
  grpc (1.81.1) sha256=9e5772153fe13a389654e9d397a90400f0077307fb4369f79f941d96c72e89cb
  grpc (1.81.1-aarch64-linux-gnu) sha256=aa24d7253a2b15d2c3570265a2f58bb8aca0ecd2e1116b7a259d633ebf582445
  grpc (1.81.1-aarch64-linux-musl) sha256=36af13b712e33b323878096ddcab7ec75d107d2e03ffce4aa2fcb70835747c8c
  grpc (1.81.1-arm64-darwin) sha256=6def610da088597e1a94bafbb36a92f19c456cb7df7bbe9618aeb63e8805ae9a
  grpc (1.81.1-x86-linux-gnu) sha256=05d85380ea3177e57b64b3a3cf5558fa6276ea5e81035e7e50f3d66b0a1dfe86
  grpc (1.81.1-x86-linux-musl) sha256=ed6d840a2026f056eda6646a78c5c632b948d6fabd564f3ebba641dc6c7f2b41
  grpc (1.81.1-x86_64-darwin) sha256=f8c44cdfc26270247f2beb49ecbc983d0c184b6c24ac4670d1d24f0efba811ed
  grpc (1.81.1-x86_64-linux-gnu) sha256=cf1053a594d026d2ec560457111258cd207bc67847aab24f96e04e2fbeddc4dd
  grpc (1.81.1-x86_64-linux-musl) sha256=c4e2d53566dedfb7e76b2226c18f92f6378b29fefb80879b2dabe17480faa555
  grpc-google-iam-v1 (1.12.0) sha256=a70ecad8987e340d5e22e7bf01be31256c84b29a3f78bebd385a4a110e1f2aef
  json (2.20.0) sha256=9362bc6e55a952b056abf9167cf053358181c904cb70cd6eee0808ea830fc32b
  jwt (3.2.0) sha256=5419b1fe37b1da0982bd07051f573a8b8789ab724c2aa7e785e4784a3ed217d7
  language_server-protocol (3.17.0.5) sha256=fd1e39a51a28bf3eec959379985a72e296e9f9acfce46f6a79d31ca8760803cc
  lint_roller (1.1.0) sha256=2c0c845b632a7d172cb849cc90c1bce937a28c5c8ccccb50dfd46a485003cc87
  logger (1.7.0) sha256=196edec7cc44b66cfb40f9755ce11b392f21f7967696af15d274dde7edff0203
  method_source (1.1.0) sha256=181301c9c45b731b4769bc81e8860e72f9161ad7d66dd99103c9ab84f560f5c5
  minitest (5.27.0) sha256=2d3b17f8a36fe7801c1adcffdbc38233b938eb0b4966e97a6739055a45fa77d5
  minitest-autotest (1.2.0) sha256=60d031cba705215450662b0060f03f96507682b346a19c27f6756751ad92d2b4
  minitest-focus (1.4.1) sha256=394517cbe2dcb2d992d8ffc41a3b2b6315777a4daa69239de4fefe7110dd810e
  minitest-reporters (1.7.1) sha256=5060413a0c95b8c32fe73e0606f3631c173a884d7900e50013e15094eb50562c
  minitest-rg (5.4.0) sha256=54d42bb8ce876381245be5866f3c1dd704ef79c06ba5c9ff280c0aa28c56effb
  minitest-server (1.0.10) sha256=275439bf3ffc433fcbe161733248f1d9749ebf122892cf010bf864aaa95cef75
  multi_json (1.21.1) sha256=e6126a31808e3b4d19f483c775ceac34df190dffa62adfb63a165ee14ba68080
  net-http (0.9.1) sha256=25ba0b67c63e89df626ed8fac771d0ad24ad151a858af2cc8e6a716ca4336996
  os (1.1.4) sha256=57816d6a334e7bd6aed048f4b0308226c5fb027433b67d90a9ab435f35108d3f
  ostruct (0.6.3) sha256=95a2ed4a4bd1d190784e666b47b2d3f078e4a9efda2fccf18f84ddc6538ed912
  parallel (2.1.0) sha256=b35258865c2e31134c5ecb708beaaf6772adf9d5efae28e93e99260877b09356
  parser (3.3.11.1) sha256=d17ace7aabe3e72c3cc94043714be27cc6f852f104d81aa284c2281aecc65d54
  path_expander (2.0.1) sha256=2de201164bff4719cc4d0b3767286e9977cc832a59c4d70abab571ec86cb41e4
  prism (1.9.0) sha256=7b530c6a9f92c24300014919c9dcbc055bf4cdf51ec30aed099b06cd6674ef85
  pry (0.15.2) sha256=12d54b8640d3fa29c9211dd4ffb08f3fd8bf7a4fd9b5a73ce5b59c8709385b6b
  pstore (0.2.1) sha256=03904d0f2c66579e96d1e6704cdabc0c88df7ea8ed8782d9f3569f6f6c702c1a
  public_suffix (7.0.5) sha256=1a8bb08f1bbea19228d3bed6e5ed908d1cb4f7c2726d18bd9cadf60bc676f623
  racc (1.8.1) sha256=4a7f6929691dbec8b5209a0b373bc2614882b55fc5d2e447a21aaa691303d62f
  rainbow (3.1.1) sha256=039491aa3a89f42efa1d6dec2fc4e62ede96eb6acd95e52f1ad581182b79bc6a
  rake (13.4.2) sha256=cb825b2bd5f1f8e91ca37bddb4b9aaf345551b4731da62949be002fa89283701
  redcarpet (3.6.1) sha256=d444910e6aa55480c6bcdc0cdb057626e8a32c054c29e793fa642ba2f155f445
  regexp_parser (2.12.0) sha256=35a916a1d63190ab5c9009457136ae5f3c0c7512d60291d0d1378ba18ce08ebb
  retriable (3.1.2) sha256=0a5a5d0ca4ba61a76fb31a17ab8f7f80281beb040c329d34dfc137a1398688e0
  rubocop (1.88.0) sha256=e420ddf1662d0ef34bc8a2910ac4b396a7ddda0b51a708264405241734b08e0b
  rubocop-ast (1.49.1) sha256=4412f3ee70f6fe4546cc489548e0f6fcf76cafcfa80fa03af67098ffed755035
  ruby-progressbar (1.13.0) sha256=80fc9c47a9b640d6834e0dc7b3c94c9df37f08cb072b7761e4a71e22cff29b33
  signet (0.22.0) sha256=b76d495ccb07ad35dbc89f3e920665a9d8ed717141955034005d7843dcfe4780
  simplecov (0.22.0) sha256=fe2622c7834ff23b98066bb0a854284b2729a569ac659f82621fc22ef36213a5
  simplecov-html (0.13.2) sha256=bd0b8e54e7c2d7685927e8d6286466359b6f16b18cb0df47b508e8d73c777246
  simplecov_json_formatter (0.1.4) sha256=529418fbe8de1713ac2b2d612aa3daa56d316975d307244399fa4838c601b428
  unicode-display_width (3.2.0) sha256=0cdd96b5681a5949cdbc2c55e7b420facae74c4aaf9a9815eee1087cb1853c42
  unicode-emoji (4.2.0) sha256=519e69150f75652e40bf736106cfbc8f0f73aa3fb6a65afe62fefa7f80b0f80f
  uri (1.1.1) sha256=379fa58d27ffb1387eaada68c749d1426738bd0f654d812fcc07e7568f5c57c6
  yard (0.9.44) sha256=eb087e9b631ccd887b049f303d489963945452d5e2a7eb49a5a74a7cf6887f28
  yard-doctest (0.1.17) sha256=7cb35a75d99f58fc42ee72d3542a36e227237b621a40aebc391c95988b72847f

BUNDLED WITH
  4.0.13
