PATH
  remote: .
  specs:
    google-cloud-backupdr-v1beta (0.0.1)
      gapic-common (~> 1.3)
      google-cloud-errors (~> 1.0)
      google-cloud-location (~> 1.0)
      google-iam-v1 (~> 1.3)

GEM
  remote: https://rubygems.org/
  specs:
    addressable (2.9.0)
      public_suffix (>= 2.0.2, < 8.0)
    ansi (1.6.0)
    ast (2.4.3)
    base64 (0.3.0)
    bigdecimal (4.1.3)
    builder (3.3.0)
    drb (2.2.3)
    erb (6.0.7)
    faraday (2.14.4)
      faraday-net_http (>= 2.0, < 3.5)
      json
      logger
    faraday-net_http (3.4.4)
      net-http (~> 0.5)
    faraday-retry (2.4.0)
      faraday (~> 2.0)
    gapic-common (1.3.0)
      faraday (>= 1.9, < 3.a)
      faraday-retry (>= 1.0, < 3.a)
      google-cloud-env (~> 2.2)
      google-logging-utils (~> 0.1)
      google-protobuf (~> 4.26)
      googleapis-common-protos (~> 1.6)
      googleapis-common-protos-types (~> 1.15)
      googleauth (~> 1.12)
      grpc (~> 1.66)
    google-cloud-env (2.4.0)
      base64 (~> 0.2)
      faraday (>= 1.0, < 3.a)
    google-cloud-errors (1.7.0)
    google-cloud-location (1.5.1)
      gapic-common (~> 1.3)
      google-cloud-errors (~> 1.0)
    google-iam-v1 (1.7.1)
      gapic-common (~> 1.3)
      google-cloud-errors (~> 1.0)
      grpc-google-iam-v1 (~> 1.11)
    google-logging-utils (0.2.0)
    google-protobuf (4.36.2)
      bigdecimal
      rake (~> 13.3)
    google-protobuf (4.36.2-aarch64-linux-gnu)
      bigdecimal
      rake (~> 13.3)
    google-protobuf (4.36.2-aarch64-linux-musl)
      bigdecimal
      rake (~> 13.3)
    google-protobuf (4.36.2-arm64-darwin)
      bigdecimal
      rake (~> 13.3)
    google-protobuf (4.36.2-x86-linux-gnu)
      bigdecimal
      rake (~> 13.3)
    google-protobuf (4.36.2-x86-linux-musl)
      bigdecimal
      rake (~> 13.3)
    google-protobuf (4.36.2-x86_64-darwin)
      bigdecimal
      rake (~> 13.3)
    google-protobuf (4.36.2-x86_64-linux-gnu)
      bigdecimal
      rake (~> 13.3)
    google-protobuf (4.36.2-x86_64-linux-musl)
      bigdecimal
      rake (~> 13.3)
    google-style (1.32.0)
      rubocop (~> 1.76)
    googleapis-common-protos (1.9.0)
      google-protobuf (~> 4.26)
      googleapis-common-protos-types (~> 1.21)
      grpc (~> 1.41)
    googleapis-common-protos-types (1.23.0)
      google-protobuf (~> 4.26)
    googleauth (1.17.4)
      faraday (>= 1.0, < 3.a)
      google-cloud-env (~> 2.2)
      google-logging-utils (~> 0.1)
      jwt (>= 1.4, < 4.0)
      os (>= 0.9, < 2.0)
      pstore (~> 0.1)
      signet (>= 0.16, < 2.a)
    grpc (1.84.0)
      google-protobuf (>= 3.25, < 5.0)
      googleapis-common-protos-types (~> 1.0)
    grpc (1.84.0-aarch64-linux-gnu)
      google-protobuf (>= 3.25, < 5.0)
      googleapis-common-protos-types (~> 1.0)
    grpc (1.84.0-aarch64-linux-musl)
      google-protobuf (>= 3.25, < 5.0)
      googleapis-common-protos-types (~> 1.0)
    grpc (1.84.0-arm64-darwin)
      google-protobuf (>= 3.25, < 5.0)
      googleapis-common-protos-types (~> 1.0)
    grpc (1.84.0-x86-linux-gnu)
      google-protobuf (>= 3.25, < 5.0)
      googleapis-common-protos-types (~> 1.0)
    grpc (1.84.0-x86-linux-musl)
      google-protobuf (>= 3.25, < 5.0)
      googleapis-common-protos-types (~> 1.0)
    grpc (1.84.0-x86_64-darwin)
      google-protobuf (>= 3.25, < 5.0)
      googleapis-common-protos-types (~> 1.0)
    grpc (1.84.0-x86_64-linux-gnu)
      google-protobuf (>= 3.25, < 5.0)
      googleapis-common-protos-types (~> 1.0)
    grpc (1.84.0-x86_64-linux-musl)
      google-protobuf (>= 3.25, < 5.0)
      googleapis-common-protos-types (~> 1.0)
    grpc-google-iam-v1 (1.12.0)
      google-protobuf (>= 3.18, < 5.a)
      googleapis-common-protos (~> 1.9.0)
      grpc (~> 1.41)
    io-console (0.9.4)
    irb (1.18.0)
      pp (>= 0.6.0)
      prism (>= 1.3.0)
      rdoc (>= 4.0.0)
      reline (>= 0.4.2)
    json (3.0.2)
    jwt (3.3.0)
      base64
    language_server-protocol (3.17.0.6)
    lint_roller (1.1.0)
    logger (1.7.0)
    minitest (6.0.6)
      drb (~> 2.0)
      prism (~> 1.5)
    minitest-focus (1.4.1)
      minitest (> 5.0)
    minitest-mock (5.27.0)
    minitest-reporters (1.8.0)
      ansi
      builder
      minitest (>= 5.0, < 7)
      ruby-progressbar
    minitest-rg (5.4.0)
      minitest (>= 5.0, < 7)
    net-http (0.9.1)
      uri (>= 0.11.1)
    os (1.1.4)
    ostruct (0.5.5)
    parallel (2.2.0)
    parser (3.3.12.0)
      ast (~> 2.4.1)
      racc
    pp (0.6.4)
      prettyprint
    prettyprint (0.2.0)
    prism (1.9.0)
    pstore (0.2.1)
    public_suffix (7.0.5)
    racc (1.8.1)
    rainbow (3.1.1)
    rake (13.4.2)
    rbs (4.2.0)
      logger
      prism (>= 1.6.0)
      tsort
    rdoc (8.0.0)
      erb
      prism (>= 1.6.0)
      rbs (>= 4.0.0)
      tsort
    redcarpet (3.6.1)
    regexp_parser (2.12.0)
    reline (0.7.0)
      io-console (~> 0.5)
    rubocop (1.91.0)
      json (>= 2.3)
      language_server-protocol (~> 3.17.0.2)
      lint_roller (~> 1.1.0)
      parallel (>= 1.10)
      parser (>= 3.3.0.2)
      rainbow (>= 2.2.2, < 4.0)
      regexp_parser (>= 2.9.3, < 3.0)
      rubocop-ast (>= 1.49.0, < 2.0)
      ruby-progressbar (~> 1.7)
      unicode-display_width (>= 2.4.0, < 4.0)
    rubocop-ast (1.50.0)
      parser (>= 3.3.7.2)
      prism (~> 1.7)
    ruby-progressbar (1.13.0)
    signet (0.22.0)
      addressable (~> 2.8)
      faraday (>= 0.17.5, < 3.a)
      jwt (>= 1.5, < 4.0)
    tsort (0.2.0)
    unicode-display_width (3.2.0)
      unicode-emoji (~> 4.1)
    unicode-emoji (4.2.0)
    uri (1.1.1)
    yard (0.9.45)

PLATFORMS
  aarch64-linux-gnu
  aarch64-linux-musl
  arm64-darwin
  ruby
  x86-linux-gnu
  x86-linux-musl
  x86_64-darwin
  x86_64-linux-gnu
  x86_64-linux-musl

DEPENDENCIES
  google-cloud-backupdr-v1beta!
  google-style (~> 1.32.0)
  irb (~> 1.17)
  minitest (~> 6.0.2)
  minitest-focus (~> 1.4)
  minitest-mock (~> 5.27)
  minitest-reporters (~> 1.8.0)
  minitest-rg (~> 5.3)
  ostruct (~> 0.5.5)
  rake (>= 13.0)
  redcarpet (~> 3.6)
  yard (~> 0.9)

CHECKSUMS
  addressable (2.9.0) sha256=7fdf6ac3660f7f4e867a0838be3f6cf722ace541dd97767fa42bc6cfa980c7af
  ansi (1.6.0) sha256=ac9ea0c0ea8d32fb4e271348e609963ac78882f34b73836c2a02b3622e666658
  ast (2.4.3) sha256=954615157c1d6a382bc27d690d973195e79db7f55e9765ac7c481c60bdb4d383
  base64 (0.3.0) sha256=27337aeabad6ffae05c265c450490628ef3ebd4b67be58257393227588f5a97b
  bigdecimal (4.1.3) sha256=61ebe1e5e559bdc3cc6f2c0ee7f427321fc838f59611c294356eb04d6e21cf66
  builder (3.3.0) sha256=497918d2f9dca528fdca4b88d84e4ef4387256d984b8154e9d5d3fe5a9c8835f
  bundler (4.0.21) sha256=7cbf5499b426076aa16c8d28a59e4c2c3aad5a438402abcd961f0119f29f1dd0
  drb (2.2.3) sha256=0b00d6fdb50995fe4a45dea13663493c841112e4068656854646f418fda13373
  erb (6.0.7) sha256=c5ca6dc25b0ef974a44dc8f59fe847577122483b1968a38dec305c60bf91ee92
  faraday (2.14.4) sha256=9bb4408c44621b0dbaaaa39e5dbfc4dbe58cc6751b6eb94d16ae9e1f2f2fab6e
  faraday-net_http (3.4.4) sha256=0e78af151747ed1b00f33e25973b4bc220d7f16c00c39676817c8b12331eb588
  faraday-retry (2.4.0) sha256=7b79c48fb7e56526faf247b12d94a680071ff40c9fda7cf1ec1549439ad11ebe
  gapic-common (1.3.0) sha256=4e5d9be1effb7366e2cda13c0f44922285d5613ac8de8b9b18c2c835fe4faa91
  google-cloud-backupdr-v1beta (0.0.1)
  google-cloud-env (2.4.0) sha256=01cb35ecee5d1c4d1cd4deaed8bb5bddc838e296bcc2a35c5d1ddd07ce40d28d
  google-cloud-errors (1.7.0) sha256=6e682f42d89aae08689f36f28495de629d756da076bafff0003bac7f8042ebb3
  google-cloud-location (1.5.1) sha256=ab0c4d29b9616f93c07b3307dbaf07e373e47115bb81ee7067eda6e448b9a0ae
  google-iam-v1 (1.7.1) sha256=6cd3673adf174678e97bdb6cf66a9b4a360ac54cf3252ffb14de9853b4fb54b4
  google-logging-utils (0.2.0) sha256=675462b4ea5affa825a3442694ca2d75d0069455a1d0956127207498fca3df7b
  google-protobuf (4.36.2) sha256=2f8daff50ae14aad36ab0ccdcf284065fa71d726c444efe114e6db82ffe62494
  google-protobuf (4.36.2-aarch64-linux-gnu) sha256=c3279ec6eaa59f6ed6276eda2a33cffb4306471183ab79a332e698b8564f5169
  google-protobuf (4.36.2-aarch64-linux-musl) sha256=0772c9dde1e6dce9a6b44d1d35c28c29adee99d9bd6aff5e21840daeb22161ce
  google-protobuf (4.36.2-arm64-darwin) sha256=f70d810e6bbab9d8ad9c1d5fd685a21de4c10ad3ad32efb9455e17e5b1286917
  google-protobuf (4.36.2-x86-linux-gnu) sha256=ffcd06d49bffca24afff18c900dd61a51ea3028d43c47d0d9621d00bf38a5866
  google-protobuf (4.36.2-x86-linux-musl) sha256=e1afec03babd73c9117cc09d5fc2a98dfef37a414bfd8a4d0ceaac7bd66fc028
  google-protobuf (4.36.2-x86_64-darwin) sha256=8d1bd2a344f7f589703b202ad2ee4cca8ef731b4ced45782ef92d385967384ba
  google-protobuf (4.36.2-x86_64-linux-gnu) sha256=d25a820873e423f1d209ae8c672a4a28b019e2429debd0901d26670a0b4e14db
  google-protobuf (4.36.2-x86_64-linux-musl) sha256=0fa17686c896da96a60a705e56ddc7d4ff56413f52787c655bd4c9fb33ffe14f
  google-style (1.32.0) sha256=3b13068979e5b8caa067ecce9bf818b6cf0e5eb706ead41c5b905f237d9bfb01
  googleapis-common-protos (1.9.0) sha256=207be372d8d25e3876e1e1155d057e14f3c92f8f5428772864a8ce04a0b756e4
  googleapis-common-protos-types (1.23.0) sha256=992e740a523794d9fc5f29a504465d8fc737aaa16c930fe7228e3346860faf0a
  googleauth (1.17.4) sha256=acc2cac2a6011048f149c922cbc6c9675719e165aa5000c7fa3876c480fe9ae3
  grpc (1.84.0) sha256=df2dd2d379fe3419a58af64f2fab514202437e28b7df5b441a16da542486a98f
  grpc (1.84.0-aarch64-linux-gnu) sha256=38bcb6998cca338718e39e2b89785964850f71444279a033c296ceb40406cfad
  grpc (1.84.0-aarch64-linux-musl) sha256=514fad5bc13ed336d424ac056d21803c27f4e2feaddf9eddfc94750bae03f40b
  grpc (1.84.0-arm64-darwin) sha256=aee56ed688f44750832fbc50c17eb1c75ce1c0d38693dc08d4f37560e1646277
  grpc (1.84.0-x86-linux-gnu) sha256=f9846e8aa06f7d70b41b5ea96a7ff97dd5cce28d379788040f93eab1c0f9b52b
  grpc (1.84.0-x86-linux-musl) sha256=adb35f72337bd6709e6e874e165d11096ea7015cb9ef33ed30f0a072e1bb2817
  grpc (1.84.0-x86_64-darwin) sha256=deb0ba1f82af9200afd0a71301e2039306cd1a3ca3010c814fb67f57eed38642
  grpc (1.84.0-x86_64-linux-gnu) sha256=3e9be3e4c4734a2a4977aa34446c604b1542a21fe67e4b7772be01602eac6bb3
  grpc (1.84.0-x86_64-linux-musl) sha256=1ded8b5df0fafb16b195bf559470bf38b9a22bf74a820b892ebb931ca9f2d8ee
  grpc-google-iam-v1 (1.12.0) sha256=a70ecad8987e340d5e22e7bf01be31256c84b29a3f78bebd385a4a110e1f2aef
  io-console (0.9.4) sha256=a403304f32928ee85e56d457b4612ca43f2703b561a3258844992bd24085fbb1
  irb (1.18.0) sha256=de9454a0703a54704b9811a5ef31a60c86949fbf4013fcf244fabc7c775248e3
  json (3.0.2) sha256=8e6d7e7b11384c21230430cef90b71f14849a34a1f4452796670f7c981bd19df
  jwt (3.3.0) sha256=44cc34fbc341c148233cf66641522b4bce0dfb1ce55e8073f05c56f44f4ee546
  language_server-protocol (3.17.0.6) sha256=5ef2c0c138f8267e1bc631d3328347d354f96724b0af22f2c79516120443b7f0
  lint_roller (1.1.0) sha256=2c0c845b632a7d172cb849cc90c1bce937a28c5c8ccccb50dfd46a485003cc87
  logger (1.7.0) sha256=196edec7cc44b66cfb40f9755ce11b392f21f7967696af15d274dde7edff0203
  minitest (6.0.6) sha256=153ea36d1d987a62942382b61075745042a2b3123b1cd48f4c3675af9cc7d6f1
  minitest-focus (1.4.1) sha256=394517cbe2dcb2d992d8ffc41a3b2b6315777a4daa69239de4fefe7110dd810e
  minitest-mock (5.27.0) sha256=7040ed7185417a966920987eaa6eaf1be4ea1fc5b25bb03ff4703f98564a55b0
  minitest-reporters (1.8.0) sha256=8ce5280fb73ad3178ae525454df169b6f28c1b38b1d088ea91815d3a370ba384
  minitest-rg (5.4.0) sha256=54d42bb8ce876381245be5866f3c1dd704ef79c06ba5c9ff280c0aa28c56effb
  net-http (0.9.1) sha256=25ba0b67c63e89df626ed8fac771d0ad24ad151a858af2cc8e6a716ca4336996
  os (1.1.4) sha256=57816d6a334e7bd6aed048f4b0308226c5fb027433b67d90a9ab435f35108d3f
  ostruct (0.5.5) sha256=bc73d0e10f85ca2afdddc7eb79b3132bee622e2281db4e6e033a4cbf7d845efb
  parallel (2.2.0) sha256=e1059c5fd7b649558a0aec38a769f06a42942bdb40503d005a59c352fe011cd8
  parser (3.3.12.0) sha256=21a6d7f755d5a24dfbdc6e6b772e4e879a52e7631a88bc5a3a134606052c9828
  pp (0.6.4) sha256=dfcb0fce700c41456265922884f9fe195d7fbb0674a3578e6c0f69588e82b570
  prettyprint (0.2.0) sha256=2bc9e15581a94742064a3cc8b0fb9d45aae3d03a1baa6ef80922627a0766f193
  prism (1.9.0) sha256=7b530c6a9f92c24300014919c9dcbc055bf4cdf51ec30aed099b06cd6674ef85
  pstore (0.2.1) sha256=03904d0f2c66579e96d1e6704cdabc0c88df7ea8ed8782d9f3569f6f6c702c1a
  public_suffix (7.0.5) sha256=1a8bb08f1bbea19228d3bed6e5ed908d1cb4f7c2726d18bd9cadf60bc676f623
  racc (1.8.1) sha256=4a7f6929691dbec8b5209a0b373bc2614882b55fc5d2e447a21aaa691303d62f
  rainbow (3.1.1) sha256=039491aa3a89f42efa1d6dec2fc4e62ede96eb6acd95e52f1ad581182b79bc6a
  rake (13.4.2) sha256=cb825b2bd5f1f8e91ca37bddb4b9aaf345551b4731da62949be002fa89283701
  rbs (4.2.0) sha256=51f7b886dcc05bc09e10b901daa6a81829f6adc03101d6ca9ea4aac6103e0674
  rdoc (8.0.0) sha256=03bf8c08a9639658855a0cfd77c0abca8325c227693f7f33f82957811348c469
  redcarpet (3.6.1) sha256=d444910e6aa55480c6bcdc0cdb057626e8a32c054c29e793fa642ba2f155f445
  regexp_parser (2.12.0) sha256=35a916a1d63190ab5c9009457136ae5f3c0c7512d60291d0d1378ba18ce08ebb
  reline (0.7.0) sha256=5b012d8e55dbf9d450f12bde2cf7d15ff546ae80b3f8f3b30e570d431815583d
  rubocop (1.91.0) sha256=9c82b7bf391c5d7e3798c5b9996e22a1fe3bd7468e351dfdeb96140c058296d0
  rubocop-ast (1.50.0) sha256=b9ca88300da0803ee222ad20cdb30494c0a784eed06fdc35d254b06d662788db
  ruby-progressbar (1.13.0) sha256=80fc9c47a9b640d6834e0dc7b3c94c9df37f08cb072b7761e4a71e22cff29b33
  signet (0.22.0) sha256=b76d495ccb07ad35dbc89f3e920665a9d8ed717141955034005d7843dcfe4780
  tsort (0.2.0) sha256=9650a793f6859a43b6641671278f79cfead60ac714148aabe4e3f0060480089f
  unicode-display_width (3.2.0) sha256=0cdd96b5681a5949cdbc2c55e7b420facae74c4aaf9a9815eee1087cb1853c42
  unicode-emoji (4.2.0) sha256=519e69150f75652e40bf736106cfbc8f0f73aa3fb6a65afe62fefa7f80b0f80f
  uri (1.1.1) sha256=379fa58d27ffb1387eaada68c749d1426738bd0f654d812fcc07e7568f5c57c6
  yard (0.9.45) sha256=52e211493f7cb8a3ebf7e104a25a1e73937a3103092545d34cb88fafebb3dc51

BUNDLED WITH
  4.0.21
