PATH
  remote: ../google-cloud-dialogflow-cx-v3
  specs:
    google-cloud-dialogflow-cx-v3 (1.12.1)
      gapic-common (~> 1.3)
      google-cloud-errors (~> 1.0)
      google-cloud-location (~> 1.0)

PATH
  remote: .
  specs:
    google-cloud-dialogflow-cx (1.5.0)
      google-cloud-core (~> 1.6)
      google-cloud-dialogflow-cx-v3 (>= 0.24, < 2.a)

GEM
  remote: https://rubygems.org/
  specs:
    addressable (2.9.0)
      public_suffix (>= 2.0.2, < 8.0)
    ast (2.4.3)
    base64 (0.3.0)
    bigdecimal (4.1.2)
    drb (2.2.3)
    erb (6.0.4)
    faraday (2.14.3)
      faraday-net_http (>= 2.0, < 3.5)
      json
      logger
    faraday-net_http (3.4.4)
      net-http (~> 0.5)
    faraday-retry (2.4.0)
      faraday (~> 2.0)
    gapic-common (1.3.0)
      faraday (>= 1.9, < 3.a)
      faraday-retry (>= 1.0, < 3.a)
      google-cloud-env (~> 2.2)
      google-logging-utils (~> 0.1)
      google-protobuf (~> 4.26)
      googleapis-common-protos (~> 1.6)
      googleapis-common-protos-types (~> 1.15)
      googleauth (~> 1.12)
      grpc (~> 1.66)
    google-cloud-core (1.9.0)
      google-cloud-env (>= 1.0, < 3.a)
      google-cloud-errors (~> 1.0)
    google-cloud-env (2.4.0)
      base64 (~> 0.2)
      faraday (>= 1.0, < 3.a)
    google-cloud-errors (1.6.0)
    google-cloud-location (1.5.0)
      gapic-common (~> 1.3)
      google-cloud-errors (~> 1.0)
    google-logging-utils (0.2.0)
    google-protobuf (4.35.1)
      bigdecimal
      rake (~> 13.3)
    google-protobuf (4.35.1-aarch64-linux-gnu)
      bigdecimal
      rake (~> 13.3)
    google-protobuf (4.35.1-aarch64-linux-musl)
      bigdecimal
      rake (~> 13.3)
    google-protobuf (4.35.1-arm64-darwin)
      bigdecimal
      rake (~> 13.3)
    google-protobuf (4.35.1-x86-linux-gnu)
      bigdecimal
      rake (~> 13.3)
    google-protobuf (4.35.1-x86-linux-musl)
      bigdecimal
      rake (~> 13.3)
    google-protobuf (4.35.1-x86_64-darwin)
      bigdecimal
      rake (~> 13.3)
    google-protobuf (4.35.1-x86_64-linux-gnu)
      bigdecimal
      rake (~> 13.3)
    google-protobuf (4.35.1-x86_64-linux-musl)
      bigdecimal
      rake (~> 13.3)
    google-style (1.32.0)
      rubocop (~> 1.76)
    googleapis-common-protos (1.10.0)
      google-protobuf (~> 4.26)
      googleapis-common-protos-types (~> 1.21)
      grpc (~> 1.41)
    googleapis-common-protos-types (1.23.0)
      google-protobuf (~> 4.26)
    googleauth (1.17.1)
      faraday (>= 1.0, < 3.a)
      google-cloud-env (~> 2.2)
      google-logging-utils (~> 0.1)
      jwt (>= 1.4, < 4.0)
      os (>= 0.9, < 2.0)
      pstore (~> 0.1)
      signet (>= 0.16, < 2.a)
    grpc (1.82.0)
      google-protobuf (>= 3.25, < 5.0)
      googleapis-common-protos-types (~> 1.0)
    grpc (1.82.0-aarch64-linux-gnu)
      google-protobuf (>= 3.25, < 5.0)
      googleapis-common-protos-types (~> 1.0)
    grpc (1.82.0-aarch64-linux-musl)
      google-protobuf (>= 3.25, < 5.0)
      googleapis-common-protos-types (~> 1.0)
    grpc (1.82.0-arm64-darwin)
      google-protobuf (>= 3.25, < 5.0)
      googleapis-common-protos-types (~> 1.0)
    grpc (1.82.0-x86-linux-gnu)
      google-protobuf (>= 3.25, < 5.0)
      googleapis-common-protos-types (~> 1.0)
    grpc (1.82.0-x86-linux-musl)
      google-protobuf (>= 3.25, < 5.0)
      googleapis-common-protos-types (~> 1.0)
    grpc (1.82.0-x86_64-darwin)
      google-protobuf (>= 3.25, < 5.0)
      googleapis-common-protos-types (~> 1.0)
    grpc (1.82.0-x86_64-linux-gnu)
      google-protobuf (>= 3.25, < 5.0)
      googleapis-common-protos-types (~> 1.0)
    grpc (1.82.0-x86_64-linux-musl)
      google-protobuf (>= 3.25, < 5.0)
      googleapis-common-protos-types (~> 1.0)
    io-console (0.8.2)
    irb (1.18.0)
      pp (>= 0.6.0)
      prism (>= 1.3.0)
      rdoc (>= 4.0.0)
      reline (>= 0.4.2)
    json (2.20.0)
    jwt (3.2.0)
      base64
    language_server-protocol (3.17.0.6)
    lint_roller (1.1.0)
    logger (1.7.0)
    minitest (6.0.6)
      drb (~> 2.0)
      prism (~> 1.5)
    minitest-focus (1.4.1)
      minitest (> 5.0)
    minitest-mock (5.27.0)
    minitest-rg (5.4.0)
      minitest (>= 5.0, < 7)
    net-http (0.9.1)
      uri (>= 0.11.1)
    os (1.1.4)
    ostruct (0.5.5)
    parallel (2.1.0)
    parser (3.3.11.1)
      ast (~> 2.4.1)
      racc
    pp (0.6.4)
      prettyprint
    prettyprint (0.2.0)
    prism (1.9.0)
    pstore (0.2.1)
    public_suffix (7.0.5)
    racc (1.8.1)
    rainbow (3.1.1)
    rake (13.4.2)
    rbs (4.0.3)
      logger
      prism (>= 1.6.0)
      tsort
    rdoc (8.0.0)
      erb
      prism (>= 1.6.0)
      rbs (>= 4.0.0)
      tsort
    redcarpet (3.6.1)
    regexp_parser (2.12.0)
    reline (0.6.3)
      io-console (~> 0.5)
    rubocop (1.88.2)
      json (~> 2.3)
      language_server-protocol (~> 3.17.0.2)
      lint_roller (~> 1.1.0)
      parallel (>= 1.10)
      parser (>= 3.3.0.2)
      rainbow (>= 2.2.2, < 4.0)
      regexp_parser (>= 2.9.3, < 3.0)
      rubocop-ast (>= 1.49.0, < 2.0)
      ruby-progressbar (~> 1.7)
      unicode-display_width (>= 2.4.0, < 4.0)
    rubocop-ast (1.50.0)
      parser (>= 3.3.7.2)
      prism (~> 1.7)
    ruby-progressbar (1.13.0)
    signet (0.22.0)
      addressable (~> 2.8)
      faraday (>= 0.17.5, < 3.a)
      jwt (>= 1.5, < 4.0)
    tsort (0.2.0)
    unicode-display_width (3.2.0)
      unicode-emoji (~> 4.1)
    unicode-emoji (4.2.0)
    uri (1.1.1)
    yard (0.9.44)

PLATFORMS
  aarch64-linux-gnu
  aarch64-linux-musl
  arm64-darwin
  ruby
  x86-linux-gnu
  x86-linux-musl
  x86_64-darwin
  x86_64-linux-gnu
  x86_64-linux-musl

DEPENDENCIES
  google-cloud-dialogflow-cx!
  google-cloud-dialogflow-cx-v3!
  google-style (~> 1.32.0)
  irb (~> 1.17)
  minitest (~> 6.0.2)
  minitest-focus (~> 1.4)
  minitest-mock (~> 5.27)
  minitest-rg (~> 5.3)
  ostruct (~> 0.5.5)
  rake (>= 13.0)
  redcarpet (~> 3.6)
  yard (~> 0.9)

CHECKSUMS
  addressable (2.9.0) sha256=7fdf6ac3660f7f4e867a0838be3f6cf722ace541dd97767fa42bc6cfa980c7af
  ast (2.4.3) sha256=954615157c1d6a382bc27d690d973195e79db7f55e9765ac7c481c60bdb4d383
  base64 (0.3.0) sha256=27337aeabad6ffae05c265c450490628ef3ebd4b67be58257393227588f5a97b
  bigdecimal (4.1.2) sha256=53d217666027eab4280346fba98e7d5b66baaae1b9c3c1c0ffe89d48188a3fbd
  bundler (4.0.14) sha256=d09a0a965cf772266a7e49e83610be7c2f4e49e61134c42a56804bb383cc24b8
  drb (2.2.3) sha256=0b00d6fdb50995fe4a45dea13663493c841112e4068656854646f418fda13373
  erb (6.0.4) sha256=38e3803694be357fe2bfe312487c74beaf9fb4e5beb3e22498952fe1645b95d9
  faraday (2.14.3) sha256=1882247e6766615c8220b4392bf1d27f6ebb63d8e28267587cef1fb0bf37f278
  faraday-net_http (3.4.4) sha256=0e78af151747ed1b00f33e25973b4bc220d7f16c00c39676817c8b12331eb588
  faraday-retry (2.4.0) sha256=7b79c48fb7e56526faf247b12d94a680071ff40c9fda7cf1ec1549439ad11ebe
  gapic-common (1.3.0) sha256=4e5d9be1effb7366e2cda13c0f44922285d5613ac8de8b9b18c2c835fe4faa91
  google-cloud-core (1.9.0) sha256=ab55409f51488e8deefb6edcc1ce4771dfb5da2fe7b3bc075709a030c2b682a4
  google-cloud-dialogflow-cx (1.5.0)
  google-cloud-dialogflow-cx-v3 (1.12.1)
  google-cloud-env (2.4.0) sha256=01cb35ecee5d1c4d1cd4deaed8bb5bddc838e296bcc2a35c5d1ddd07ce40d28d
  google-cloud-errors (1.6.0) sha256=1da8476dd706ad04b9d32e3c4b90d07d3463b37d6407cb56d41342ea7647d0a1
  google-cloud-location (1.5.0) sha256=336f94609b1fb18fce1929048fac964f4d5a87d27c1e5444bfed3605469c7532
  google-logging-utils (0.2.0) sha256=675462b4ea5affa825a3442694ca2d75d0069455a1d0956127207498fca3df7b
  google-protobuf (4.35.1) sha256=a3a6471331d918f58dfa4d014a8f6286f0af2cf4840216bde52fcf2ea3fe3726
  google-protobuf (4.35.1-aarch64-linux-gnu) sha256=50ca44d0eeff3f8475e630a1accdd974256f3510694d574e2c9d6119ea8bc9e1
  google-protobuf (4.35.1-aarch64-linux-musl) sha256=d5c65cef6bd6498a9e5ed5f88cf6cf7e341c10b0a005e32137d5d1a2b6e8c18a
  google-protobuf (4.35.1-arm64-darwin) sha256=d9c957df04fa89c749fa9a72a7b383eb4296efc9b2303dc6fd6fbe39c698ad6b
  google-protobuf (4.35.1-x86-linux-gnu) sha256=cc7492566b27ad8b5dfa3a7b6f9b11e905050cc53c2fa8ff22de375a9e7a70fb
  google-protobuf (4.35.1-x86-linux-musl) sha256=ab403790b59e4dc588ffbed1eaacf05d4ca2f0d12ac9c13d6c64e69380d8c99e
  google-protobuf (4.35.1-x86_64-darwin) sha256=66b62b4df00931018a692806df66393efa960d6d2b7da69735187249f950d3ee
  google-protobuf (4.35.1-x86_64-linux-gnu) sha256=c786439087512a3fbd199e9897d265b855f951d4027e218ea55e858d45969edd
  google-protobuf (4.35.1-x86_64-linux-musl) sha256=91890eb0002934a339fdb7d77a147c46b7474b6799db27872b747b905837f744
  google-style (1.32.0) sha256=3b13068979e5b8caa067ecce9bf818b6cf0e5eb706ead41c5b905f237d9bfb01
  googleapis-common-protos (1.10.0) sha256=13e47ad0ce85d3d30065c03863efd302a82b0e08ba576f2a9b9dbbfeecb57ee0
  googleapis-common-protos-types (1.23.0) sha256=992e740a523794d9fc5f29a504465d8fc737aaa16c930fe7228e3346860faf0a
  googleauth (1.17.1) sha256=0f7e6fc70e204cee1b2d71f1e1de2d3b349d432404197fe68ebf7fa23d0821b9
  grpc (1.82.0) sha256=9f7e6fca1b84c6b38687648bf22b096bf379a694d6f6829e181916d87ed507cc
  grpc (1.82.0-aarch64-linux-gnu) sha256=cadab07ba458603492dabbdd4aea8ed69e7e1b6f88c4d82ebdfa290d225c1bd5
  grpc (1.82.0-aarch64-linux-musl) sha256=202e01b51335abc33e0701324d161522c706915c0f0e1fd8d6f4145a68e9f5da
  grpc (1.82.0-arm64-darwin) sha256=c5b142a3d715cdc635df16a756bf357b1dc24739833387ba00b76d5e462f9b0a
  grpc (1.82.0-x86-linux-gnu) sha256=cddc27ab746e27d0ec901bf23540ebff27b89127cfa40dd9d98361fa6ee84083
  grpc (1.82.0-x86-linux-musl) sha256=c483380e49b22d92233f178011e6eeb89e9af63cf5291edd85c0d5adb8824418
  grpc (1.82.0-x86_64-darwin) sha256=e364496220953964304b4c2caca07a33dae021d1f01e3125f60551a1d46703d8
  grpc (1.82.0-x86_64-linux-gnu) sha256=f12d54f47e96c34778dbca89b9955a8b2d662c1631ac1b4e47dd5f2dd8fadea2
  grpc (1.82.0-x86_64-linux-musl) sha256=d90e43052603d4afcdaca7225bde1b7cd8100a0866e93493da1dc730821474a5
  io-console (0.8.2) sha256=d6e3ae7a7cc7574f4b8893b4fca2162e57a825b223a177b7afa236c5ef9814cc
  irb (1.18.0) sha256=de9454a0703a54704b9811a5ef31a60c86949fbf4013fcf244fabc7c775248e3
  json (2.20.0) sha256=9362bc6e55a952b056abf9167cf053358181c904cb70cd6eee0808ea830fc32b
  jwt (3.2.0) sha256=5419b1fe37b1da0982bd07051f573a8b8789ab724c2aa7e785e4784a3ed217d7
  language_server-protocol (3.17.0.6) sha256=5ef2c0c138f8267e1bc631d3328347d354f96724b0af22f2c79516120443b7f0
  lint_roller (1.1.0) sha256=2c0c845b632a7d172cb849cc90c1bce937a28c5c8ccccb50dfd46a485003cc87
  logger (1.7.0) sha256=196edec7cc44b66cfb40f9755ce11b392f21f7967696af15d274dde7edff0203
  minitest (6.0.6) sha256=153ea36d1d987a62942382b61075745042a2b3123b1cd48f4c3675af9cc7d6f1
  minitest-focus (1.4.1) sha256=394517cbe2dcb2d992d8ffc41a3b2b6315777a4daa69239de4fefe7110dd810e
  minitest-mock (5.27.0) sha256=7040ed7185417a966920987eaa6eaf1be4ea1fc5b25bb03ff4703f98564a55b0
  minitest-rg (5.4.0) sha256=54d42bb8ce876381245be5866f3c1dd704ef79c06ba5c9ff280c0aa28c56effb
  net-http (0.9.1) sha256=25ba0b67c63e89df626ed8fac771d0ad24ad151a858af2cc8e6a716ca4336996
  os (1.1.4) sha256=57816d6a334e7bd6aed048f4b0308226c5fb027433b67d90a9ab435f35108d3f
  ostruct (0.5.5) sha256=bc73d0e10f85ca2afdddc7eb79b3132bee622e2281db4e6e033a4cbf7d845efb
  parallel (2.1.0) sha256=b35258865c2e31134c5ecb708beaaf6772adf9d5efae28e93e99260877b09356
  parser (3.3.11.1) sha256=d17ace7aabe3e72c3cc94043714be27cc6f852f104d81aa284c2281aecc65d54
  pp (0.6.4) sha256=dfcb0fce700c41456265922884f9fe195d7fbb0674a3578e6c0f69588e82b570
  prettyprint (0.2.0) sha256=2bc9e15581a94742064a3cc8b0fb9d45aae3d03a1baa6ef80922627a0766f193
  prism (1.9.0) sha256=7b530c6a9f92c24300014919c9dcbc055bf4cdf51ec30aed099b06cd6674ef85
  pstore (0.2.1) sha256=03904d0f2c66579e96d1e6704cdabc0c88df7ea8ed8782d9f3569f6f6c702c1a
  public_suffix (7.0.5) sha256=1a8bb08f1bbea19228d3bed6e5ed908d1cb4f7c2726d18bd9cadf60bc676f623
  racc (1.8.1) sha256=4a7f6929691dbec8b5209a0b373bc2614882b55fc5d2e447a21aaa691303d62f
  rainbow (3.1.1) sha256=039491aa3a89f42efa1d6dec2fc4e62ede96eb6acd95e52f1ad581182b79bc6a
  rake (13.4.2) sha256=cb825b2bd5f1f8e91ca37bddb4b9aaf345551b4731da62949be002fa89283701
  rbs (4.0.3) sha256=5a7bf70e2628549d9a1f44eae447b2cfe55968a9c60cfff52693a4bdcc020e14
  rdoc (8.0.0) sha256=03bf8c08a9639658855a0cfd77c0abca8325c227693f7f33f82957811348c469
  redcarpet (3.6.1) sha256=d444910e6aa55480c6bcdc0cdb057626e8a32c054c29e793fa642ba2f155f445
  regexp_parser (2.12.0) sha256=35a916a1d63190ab5c9009457136ae5f3c0c7512d60291d0d1378ba18ce08ebb
  reline (0.6.3) sha256=1198b04973565b36ec0f11542ab3f5cfeeec34823f4e54cebde90968092b1835
  rubocop (1.88.2) sha256=8def251c90cd955feb4daa3edc0ab56893250c4ce90ef81e6c80c03f9a939bbf
  rubocop-ast (1.50.0) sha256=b9ca88300da0803ee222ad20cdb30494c0a784eed06fdc35d254b06d662788db
  ruby-progressbar (1.13.0) sha256=80fc9c47a9b640d6834e0dc7b3c94c9df37f08cb072b7761e4a71e22cff29b33
  signet (0.22.0) sha256=b76d495ccb07ad35dbc89f3e920665a9d8ed717141955034005d7843dcfe4780
  tsort (0.2.0) sha256=9650a793f6859a43b6641671278f79cfead60ac714148aabe4e3f0060480089f
  unicode-display_width (3.2.0) sha256=0cdd96b5681a5949cdbc2c55e7b420facae74c4aaf9a9815eee1087cb1853c42
  unicode-emoji (4.2.0) sha256=519e69150f75652e40bf736106cfbc8f0f73aa3fb6a65afe62fefa7f80b0f80f
  uri (1.1.1) sha256=379fa58d27ffb1387eaada68c749d1426738bd0f654d812fcc07e7568f5c57c6
  yard (0.9.44) sha256=eb087e9b631ccd887b049f303d489963945452d5e2a7eb49a5a74a7cf6887f28

BUNDLED WITH
  4.0.14
